
Microsoft Visual Studio Solution File, Format Version 12.00
# Visual Studio 2017
Project("{FAE04EC0-301F-11D3-BF4B-00C04F79EFBC}") = "Grains", "Grains.csproj", "{0FFCC6DD-E5B6-4F8A-B827-210DA49F7599}"
EndProject
Global
	GlobalSection(SolutionConfigurationPlatforms) = preSolution
		Debug|Any CPU = Debug|Any CPU
		Release|Any CPU = Release|Any CPU
	EndGlobalSection
	GlobalSection(ProjectConfigurationPlatforms) = postSolution
		{0FFCC6DD-E5B6-4F8A-B827-210DA49F7599}.Debug|Any CPU.ActiveCfg = Debug|Any CPU
		{0FFCC6DD-E5B6-4F8A-B827-210DA49F7599}.Debug|Any CPU.Build.0 = Debug|Any CPU
		{0FFCC6DD-E5B6-4F8A-B827-210DA49F7599}.Release|Any CPU.ActiveCfg = Release|Any CPU
		{0FFCC6DD-E5B6-4F8A-B827-210DA49F7599}.Release|Any CPU.Build.0 = Release|Any CPU
	EndGlobalSection
EndGlobal
