
Microsoft Visual Studio Solution File, Format Version 12.00
# Visual Studio 2017
Project("{FAE04EC0-301F-11D3-BF4B-00C04F79EFBC}") = "Triangle", "Triangle.csproj", "{5521E2EE-5CB4-4AC3-B360-605BE90A5A14}"
EndProject
Global
	GlobalSection(SolutionConfigurationPlatforms) = preSolution
		Debug|Any CPU = Debug|Any CPU
		Release|Any CPU = Release|Any CPU
	EndGlobalSection
	GlobalSection(ProjectConfigurationPlatforms) = postSolution
		{5521E2EE-5CB4-4AC3-B360-605BE90A5A14}.Debug|Any CPU.ActiveCfg = Debug|Any CPU
		{5521E2EE-5CB4-4AC3-B360-605BE90A5A14}.Debug|Any CPU.Build.0 = Debug|Any CPU
		{5521E2EE-5CB4-4AC3-B360-605BE90A5A14}.Release|Any CPU.ActiveCfg = Release|Any CPU
		{5521E2EE-5CB4-4AC3-B360-605BE90A5A14}.Release|Any CPU.Build.0 = Release|Any CPU
	EndGlobalSection
EndGlobal
