
Microsoft Visual Studio Solution File, Format Version 12.00
# Visual Studio 2017
Project("{FAE04EC0-301F-11D3-BF4B-00C04F79EFBC}") = "PhoneNumber", "PhoneNumber.csproj", "{0F8A8A52-16E6-488E-A2B8-CBB445CD7C53}"
EndProject
Global
	GlobalSection(SolutionConfigurationPlatforms) = preSolution
		Debug|Any CPU = Debug|Any CPU
		Release|Any CPU = Release|Any CPU
	EndGlobalSection
	GlobalSection(ProjectConfigurationPlatforms) = postSolution
		{0F8A8A52-16E6-488E-A2B8-CBB445CD7C53}.Debug|Any CPU.ActiveCfg = Debug|Any CPU
		{0F8A8A52-16E6-488E-A2B8-CBB445CD7C53}.Debug|Any CPU.Build.0 = Debug|Any CPU
		{0F8A8A52-16E6-488E-A2B8-CBB445CD7C53}.Release|Any CPU.ActiveCfg = Release|Any CPU
		{0F8A8A52-16E6-488E-A2B8-CBB445CD7C53}.Release|Any CPU.Build.0 = Release|Any CPU
	EndGlobalSection
EndGlobal
