
Microsoft Visual Studio Solution File, Format Version 12.00
# Visual Studio 2017
Project("{FAE04EC0-301F-11D3-BF4B-00C04F79EFBC}") = "PerfectNumbers", "PerfectNumbers.csproj", "{05936850-2FBF-45B9-AA76-3F7B509599B3}"
EndProject
Global
	GlobalSection(SolutionConfigurationPlatforms) = preSolution
		Debug|Any CPU = Debug|Any CPU
		Release|Any CPU = Release|Any CPU
	EndGlobalSection
	GlobalSection(ProjectConfigurationPlatforms) = postSolution
		{05936850-2FBF-45B9-AA76-3F7B509599B3}.Debug|Any CPU.ActiveCfg = Debug|Any CPU
		{05936850-2FBF-45B9-AA76-3F7B509599B3}.Debug|Any CPU.Build.0 = Debug|Any CPU
		{05936850-2FBF-45B9-AA76-3F7B509599B3}.Release|Any CPU.ActiveCfg = Release|Any CPU
		{05936850-2FBF-45B9-AA76-3F7B509599B3}.Release|Any CPU.Build.0 = Release|Any CPU
	EndGlobalSection
EndGlobal
